
Microsoft Visual Studio Solution File, Format Version 12.00
# Visual Studio Version 17
VisualStudioVersion = 17.8.34330.188
MinimumVisualStudioVersion = 10.0.40219.1
Project("{9A19103F-16F7-4668-BE54-9A1E7A4F7556}") = "api", "api\api.csproj", "{0C51D067-D40B-45B9-9B4F-6D1DC3593BFB}"
EndProject
Project("{FAE04EC0-301F-11D3-BF4B-00C04F79EFBC}") = "CafeteriaDB", "CafeteriaDB\CafeteriaDB.csproj", "{F534F7E9-273E-4832-8A13-44DDD4475DFA}"
EndProject
Global
	GlobalSection(SolutionConfigurationPlatforms) = preSolution
		Debug|Any CPU = Debug|Any CPU
		Release|Any CPU = Release|Any CPU
	EndGlobalSection
	GlobalSection(ProjectConfigurationPlatforms) = postSolution
		{0C51D067-D40B-45B9-9B4F-6D1DC3593BFB}.Debug|Any CPU.ActiveCfg = Debug|Any CPU
		{0C51D067-D40B-45B9-9B4F-6D1DC3593BFB}.Debug|Any CPU.Build.0 = Debug|Any CPU
		{0C51D067-D40B-45B9-9B4F-6D1DC3593BFB}.Release|Any CPU.ActiveCfg = Release|Any CPU
		{0C51D067-D40B-45B9-9B4F-6D1DC3593BFB}.Release|Any CPU.Build.0 = Release|Any CPU
		{F534F7E9-273E-4832-8A13-44DDD4475DFA}.Debug|Any CPU.ActiveCfg = Debug|Any CPU
		{F534F7E9-273E-4832-8A13-44DDD4475DFA}.Debug|Any CPU.Build.0 = Debug|Any CPU
		{F534F7E9-273E-4832-8A13-44DDD4475DFA}.Release|Any CPU.ActiveCfg = Release|Any CPU
		{F534F7E9-273E-4832-8A13-44DDD4475DFA}.Release|Any CPU.Build.0 = Release|Any CPU
	EndGlobalSection
	GlobalSection(SolutionProperties) = preSolution
		HideSolutionNode = FALSE
	EndGlobalSection
	GlobalSection(ExtensibilityGlobals) = postSolution
		SolutionGuid = {CE5E211C-F875-49F1-866F-1CF095B32844}
	EndGlobalSection
EndGlobal
